{
  "name": "state-monad",
  "version": "1.0.0",
  "lockfileVersion": 1,
  "requires": true,
  "dependencies": {
    "daggy": {
      "version": "0.0.1",
      "resolved": "https://registry.npmjs.org/daggy/-/daggy-0.0.1.tgz",
      "integrity": "sha1-rpyTLJ9xNuZVoEr7Iei6rf0NNwc="
    },
    "fantasy-states": {
      "version": "0.2.1",
      "resolved": "https://registry.npmjs.org/fantasy-states/-/fantasy-states-0.2.1.tgz",
      "integrity": "sha1-XSf4ginvPWmFab0CVwQYgoAtETs=",
      "requires": {
        "daggy": "0.0.1",
        "fantasy-tuples": "0.0.1"
      }
    },
    "fantasy-tuples": {
      "version": "0.0.1",
      "resolved": "https://registry.npmjs.org/fantasy-tuples/-/fantasy-tuples-0.0.1.tgz",
      "integrity": "sha1-wgyvfK8FCoV3QB/Q8nTLVN/K8x4=",
      "requires": {
        "daggy": "0.0.1"
      }
    }
  }
}
